
Microsoft Visual Studio Solution File, Format Version 12.00
# Visual Studio Version 17
VisualStudioVersion = 17.7.34024.191
MinimumVisualStudioVersion = 10.0.40219.1
Project("{FAE04EC0-301F-11D3-BF4B-00C04F79EFBC}") = "FarmaciaC", "FarmaciaC.csproj", "{3F3544BB-379A-4C60-A9C8-F7E05F058B90}"
EndProject
Global
	GlobalSection(SolutionConfigurationPlatforms) = preSolution
		Debug|Any CPU = Debug|Any CPU
		Release|Any CPU = Release|Any CPU
	EndGlobalSection
	GlobalSection(ProjectConfigurationPlatforms) = postSolution
		{3F3544BB-379A-4C60-A9C8-F7E05F058B90}.Debug|Any CPU.ActiveCfg = Debug|Any CPU
		{3F3544BB-379A-4C60-A9C8-F7E05F058B90}.Debug|Any CPU.Build.0 = Debug|Any CPU
		{3F3544BB-379A-4C60-A9C8-F7E05F058B90}.Release|Any CPU.ActiveCfg = Release|Any CPU
		{3F3544BB-379A-4C60-A9C8-F7E05F058B90}.Release|Any CPU.Build.0 = Release|Any CPU
	EndGlobalSection
	GlobalSection(SolutionProperties) = preSolution
		HideSolutionNode = FALSE
	EndGlobalSection
	GlobalSection(ExtensibilityGlobals) = postSolution
		SolutionGuid = {ED310CA3-84EB-4222-92CF-AFFA17F16543}
	EndGlobalSection
EndGlobal
