
Microsoft Visual Studio Solution File, Format Version 12.00
# Visual Studio Version 17
VisualStudioVersion = 17.7.34024.191
MinimumVisualStudioVersion = 10.0.40219.1
Project("{FAE04EC0-301F-11D3-BF4B-00C04F79EFBC}") = "Lambda", "Lambda.csproj", "{60B00264-7BA2-48EC-A03C-D953B9325FA6}"
EndProject
Project("{FAE04EC0-301F-11D3-BF4B-00C04F79EFBC}") = "Linq", "..\Linq\Linq.csproj", "{A9DC6D50-322F-43B9-ABD4-A2F218B83982}"
EndProject
Global
	GlobalSection(SolutionConfigurationPlatforms) = preSolution
		Debug|Any CPU = Debug|Any CPU
		Release|Any CPU = Release|Any CPU
	EndGlobalSection
	GlobalSection(ProjectConfigurationPlatforms) = postSolution
		{60B00264-7BA2-48EC-A03C-D953B9325FA6}.Debug|Any CPU.ActiveCfg = Debug|Any CPU
		{60B00264-7BA2-48EC-A03C-D953B9325FA6}.Debug|Any CPU.Build.0 = Debug|Any CPU
		{60B00264-7BA2-48EC-A03C-D953B9325FA6}.Release|Any CPU.ActiveCfg = Release|Any CPU
		{60B00264-7BA2-48EC-A03C-D953B9325FA6}.Release|Any CPU.Build.0 = Release|Any CPU
		{A9DC6D50-322F-43B9-ABD4-A2F218B83982}.Debug|Any CPU.ActiveCfg = Debug|Any CPU
		{A9DC6D50-322F-43B9-ABD4-A2F218B83982}.Debug|Any CPU.Build.0 = Debug|Any CPU
		{A9DC6D50-322F-43B9-ABD4-A2F218B83982}.Release|Any CPU.ActiveCfg = Release|Any CPU
		{A9DC6D50-322F-43B9-ABD4-A2F218B83982}.Release|Any CPU.Build.0 = Release|Any CPU
	EndGlobalSection
	GlobalSection(SolutionProperties) = preSolution
		HideSolutionNode = FALSE
	EndGlobalSection
	GlobalSection(ExtensibilityGlobals) = postSolution
		SolutionGuid = {22BB84C0-093C-4BDB-88F4-2ADD6744BE8B}
	EndGlobalSection
EndGlobal
