
Microsoft Visual Studio Solution File, Format Version 12.00
# Visual Studio Version 17
VisualStudioVersion = 17.7.34003.232
MinimumVisualStudioVersion = 10.0.40219.1
Project("{FAE04EC0-301F-11D3-BF4B-00C04F79EFBC}") = "HelloWorld", "HelloWorld.csproj", "{BF087FB5-F7D5-43D7-9560-F1CE7722C182}"
EndProject
Global
	GlobalSection(SolutionConfigurationPlatforms) = preSolution
		Debug|Any CPU = Debug|Any CPU
		Release|Any CPU = Release|Any CPU
	EndGlobalSection
	GlobalSection(ProjectConfigurationPlatforms) = postSolution
		{BF087FB5-F7D5-43D7-9560-F1CE7722C182}.Debug|Any CPU.ActiveCfg = Debug|Any CPU
		{BF087FB5-F7D5-43D7-9560-F1CE7722C182}.Debug|Any CPU.Build.0 = Debug|Any CPU
		{BF087FB5-F7D5-43D7-9560-F1CE7722C182}.Release|Any CPU.ActiveCfg = Release|Any CPU
		{BF087FB5-F7D5-43D7-9560-F1CE7722C182}.Release|Any CPU.Build.0 = Release|Any CPU
	EndGlobalSection
	GlobalSection(SolutionProperties) = preSolution
		HideSolutionNode = FALSE
	EndGlobalSection
	GlobalSection(ExtensibilityGlobals) = postSolution
		SolutionGuid = {D8072307-A159-4CED-819B-67BC0483F748}
	EndGlobalSection
EndGlobal
